
Microsoft Visual Studio Solution File, Format Version 12.00
# Visual Studio 15
VisualStudioVersion = 15.0.28307.329
MinimumVisualStudioVersion = 10.0.40219.1
Project("{8BC9CEB8-8B4A-11D0-8D11-00A0C91BC942}") = "BinaryTrees", "BinaryTrees\BinaryTrees.vcxproj", "{FCB44547-3CDD-4F0F-BCFB-C675BB881B2D}"
EndProject
Global
	GlobalSection(SolutionConfigurationPlatforms) = preSolution
		Debug|x64 = Debug|x64
		Debug|x86 = Debug|x86
		Release|x64 = Release|x64
		Release|x86 = Release|x86
	EndGlobalSection
	GlobalSection(ProjectConfigurationPlatforms) = postSolution
		{FCB44547-3CDD-4F0F-BCFB-C675BB881B2D}.Debug|x64.ActiveCfg = Debug|x64
		{FCB44547-3CDD-4F0F-BCFB-C675BB881B2D}.Debug|x64.Build.0 = Debug|x64
		{FCB44547-3CDD-4F0F-BCFB-C675BB881B2D}.Debug|x86.ActiveCfg = Debug|Win32
		{FCB44547-3CDD-4F0F-BCFB-C675BB881B2D}.Debug|x86.Build.0 = Debug|Win32
		{FCB44547-3CDD-4F0F-BCFB-C675BB881B2D}.Release|x64.ActiveCfg = Release|x64
		{FCB44547-3CDD-4F0F-BCFB-C675BB881B2D}.Release|x64.Build.0 = Release|x64
		{FCB44547-3CDD-4F0F-BCFB-C675BB881B2D}.Release|x86.ActiveCfg = Release|Win32
		{FCB44547-3CDD-4F0F-BCFB-C675BB881B2D}.Release|x86.Build.0 = Release|Win32
	EndGlobalSection
	GlobalSection(SolutionProperties) = preSolution
		HideSolutionNode = FALSE
	EndGlobalSection
	GlobalSection(ExtensibilityGlobals) = postSolution
		SolutionGuid = {5746F5B4-B067-4BDB-9A65-DC87680E49E9}
	EndGlobalSection
EndGlobal
